
Microsoft Visual Studio Solution File, Format Version 12.00
# Visual Studio Version 17
VisualStudioVersion = 17.6.33815.320
MinimumVisualStudioVersion = 10.0.40219.1
Project("{FAE04EC0-301F-11D3-BF4B-00C04F79EFBC}") = "Server", "Server\Server.csproj", "{32865516-9738-406E-A6CC-4D7AD8BF43E0}"
EndProject
Project("{FAE04EC0-301F-11D3-BF4B-00C04F79EFBC}") = "Host", "Host\Host.csproj", "{415D73AA-0E91-4428-84F2-C66D1CCFB5BE}"
EndProject
Global
	GlobalSection(SolutionConfigurationPlatforms) = preSolution
		Debug|Any CPU = Debug|Any CPU
		Release|Any CPU = Release|Any CPU
	EndGlobalSection
	GlobalSection(ProjectConfigurationPlatforms) = postSolution
		{32865516-9738-406E-A6CC-4D7AD8BF43E0}.Debug|Any CPU.ActiveCfg = Debug|Any CPU
		{32865516-9738-406E-A6CC-4D7AD8BF43E0}.Debug|Any CPU.Build.0 = Debug|Any CPU
		{32865516-9738-406E-A6CC-4D7AD8BF43E0}.Release|Any CPU.ActiveCfg = Release|Any CPU
		{32865516-9738-406E-A6CC-4D7AD8BF43E0}.Release|Any CPU.Build.0 = Release|Any CPU
		{415D73AA-0E91-4428-84F2-C66D1CCFB5BE}.Debug|Any CPU.ActiveCfg = Debug|Any CPU
		{415D73AA-0E91-4428-84F2-C66D1CCFB5BE}.Debug|Any CPU.Build.0 = Debug|Any CPU
		{415D73AA-0E91-4428-84F2-C66D1CCFB5BE}.Release|Any CPU.ActiveCfg = Release|Any CPU
		{415D73AA-0E91-4428-84F2-C66D1CCFB5BE}.Release|Any CPU.Build.0 = Release|Any CPU
	EndGlobalSection
	GlobalSection(SolutionProperties) = preSolution
		HideSolutionNode = FALSE
	EndGlobalSection
	GlobalSection(ExtensibilityGlobals) = postSolution
		SolutionGuid = {436621C1-0BBA-4ABB-9A98-7DFCCD15E316}
	EndGlobalSection
EndGlobal
